// !$*UTF8*$!
{
	archiveVersion = 1;
	classes = {
	};
	objectVersion = 77;
	objects = {

/* Begin PBXContainerItemProxy section */
		222DF8CE2CF626CE0000C87B /* PBXContainerItemProxy */ = {
			isa = PBXContainerItemProxy;
			containerPortal = 222DF8B32CF626CC0000C87B /* Project object */;
			proxyType = 1;
			remoteGlobalIDString = 222DF8BA2CF626CC0000C87B;
			remoteInfo = Training_SwiftUI;
		};
		222DF8D82CF626CE0000C87B /* PBXContainerItemProxy */ = {
			isa = PBXContainerItemProxy;
			containerPortal = 222DF8B32CF626CC0000C87B /* Project object */;
			proxyType = 1;
			remoteGlobalIDString = 222DF8BA2CF626CC0000C87B;
			remoteInfo = Training_SwiftUI;
		};
/* End PBXContainerItemProxy section */

/* Begin PBXFileReference section */
		222DF8BB2CF626CC0000C87B /* Training_SwiftUI.app */ = {isa = PBXFileReference; explicitFileType = wrapper.application; includeInIndex = 0; path = Training_SwiftUI.app; sourceTree = BUILT_PRODUCTS_DIR; };
		222DF8CD2CF626CE0000C87B /* Training_SwiftUITests.xctest */ = {isa = PBXFileReference; explicitFileType = wrapper.cfbundle; includeInIndex = 0; path = Training_SwiftUITests.xctest; sourceTree = BUILT_PRODUCTS_DIR; };
		222DF8D72CF626CE0000C87B /* Training_SwiftUIUITests.xctest */ = {isa = PBXFileReference; explicitFileType = wrapper.cfbundle; includeInIndex = 0; path = Training_SwiftUIUITests.xctest; sourceTree = BUILT_PRODUCTS_DIR; };
/* End PBXFileReference section */

/* Begin PBXFileSystemSynchronizedRootGroup section */
		222DF8BD2CF626CC0000C87B /* Training_SwiftUI */ = {
			isa = PBXFileSystemSynchronizedRootGroup;
			path = Training_SwiftUI;
			sourceTree = "<group>";
		};
		222DF8D02CF626CE0000C87B /* Training_SwiftUITests */ = {
			isa = PBXFileSystemSynchronizedRootGroup;
			path = Training_SwiftUITests;
			sourceTree = "<group>";
		};
		222DF8DA2CF626CE0000C87B /* Training_SwiftUIUITests */ = {
			isa = PBXFileSystemSynchronizedRootGroup;
			path = Training_SwiftUIUITests;
			sourceTree = "<group>";
		};
/* End PBXFileSystemSynchronizedRootGroup section */

/* Begin PBXFrameworksBuildPhase section */
		222DF8B82CF626CC0000C87B /* Frameworks */ = {
			isa = PBXFrameworksBuildPhase;
			buildActionMask = 2147483647;
			files = (
			);
			runOnlyForDeploymentPostprocessing = 0;
		};
		222DF8CA2CF626CE0000C87B /* Frameworks */ = {
			isa = PBXFrameworksBuildPhase;
			buildActionMask = 2147483647;
			files = (
			);
			runOnlyForDeploymentPostprocessing = 0;
		};
		222DF8D42CF626CE0000C87B /* Frameworks */ = {
			isa = PBXFrameworksBuildPhase;
			buildActionMask = 2147483647;
			files = (
			);
			runOnlyForDeploymentPostprocessing = 0;
		};
/* End PBXFrameworksBuildPhase section */

/* Begin PBXGroup section */
		222DF8B22CF626CC0000C87B = {
			isa = PBXGroup;
			children = (
				222DF8BD2CF626CC0000C87B /* Training_SwiftUI */,
				222DF8D02CF626CE0000C87B /* Training_SwiftUITests */,
				222DF8DA2CF626CE0000C87B /* Training_SwiftUIUITests */,
				222DF8BC2CF626CC0000C87B /* Products */,
			);
			sourceTree = "<group>";
		};
		222DF8BC2CF626CC0000C87B /* Products */ = {
			isa = PBXGroup;
			children = (
				222DF8BB2CF626CC0000C87B /* Training_SwiftUI.app */,
				222DF8CD2CF626CE0000C87B /* Training_SwiftUITests.xctest */,
				222DF8D72CF626CE0000C87B /* Training_SwiftUIUITests.xctest */,
			);
			name = Products;
			sourceTree = "<group>";
		};
/* End PBXGroup section */

/* Begin PBXNativeTarget section */
		222DF8BA2CF626CC0000C87B /* Training_SwiftUI */ = {
			isa = PBXNativeTarget;
			buildConfigurationList = 222DF8E12CF626CE0000C87B /* Build configuration list for PBXNativeTarget "Training_SwiftUI" */;
			buildPhases = (
				222DF8B72CF626CC0000C87B /* Sources */,
				222DF8B82CF626CC0000C87B /* Frameworks */,
				222DF8B92CF626CC0000C87B /* Resources */,
			);
			buildRules = (
			);
			dependencies = (
			);
			fileSystemSynchronizedGroups = (
				222DF8BD2CF626CC0000C87B /* Training_SwiftUI */,
			);
			name = Training_SwiftUI;
			packageProductDependencies = (
			);
			productName = Training_SwiftUI;
			productReference = 222DF8BB2CF626CC0000C87B /* Training_SwiftUI.app */;
			productType = "com.apple.product-type.application";
		};
		222DF8CC2CF626CE0000C87B /* Training_SwiftUITests */ = {
			isa = PBXNativeTarget;
			buildConfigurationList = 222DF8E42CF626CE0000C87B /* Build configuration list for PBXNativeTarget "Training_SwiftUITests" */;
			buildPhases = (
				222DF8C92CF626CE0000C87B /* Sources */,
				222DF8CA2CF626CE0000C87B /* Frameworks */,
				222DF8CB2CF626CE0000C87B /* Resources */,
			);
			buildRules = (
			);
			dependencies = (
				222DF8CF2CF626CE0000C87B /* PBXTargetDependency */,
			);
			fileSystemSynchronizedGroups = (
				222DF8D02CF626CE0000C87B /* Training_SwiftUITests */,
			);
			name = Training_SwiftUITests;
			packageProductDependencies = (
			);
			productName = Training_SwiftUITests;
			productReference = 222DF8CD2CF626CE0000C87B /* Training_SwiftUITests.xctest */;
			productType = "com.apple.product-type.bundle.unit-test";
		};
		222DF8D62CF626CE0000C87B /* Training_SwiftUIUITests */ = {
			isa = PBXNativeTarget;
			buildConfigurationList = 222DF8E72CF626CE0000C87B /* Build configuration list for PBXNativeTarget "Training_SwiftUIUITests" */;
			buildPhases = (
				222DF8D32CF626CE0000C87B /* Sources */,
				222DF8D42CF626CE0000C87B /* Frameworks */,
				222DF8D52CF626CE0000C87B /* Resources */,
			);
			buildRules = (
			);
			dependencies = (
				222DF8D92CF626CE0000C87B /* PBXTargetDependency */,
			);
			fileSystemSynchronizedGroups = (
				222DF8DA2CF626CE0000C87B /* Training_SwiftUIUITests */,
			);
			name = Training_SwiftUIUITests;
			packageProductDependencies = (
			);
			productName = Training_SwiftUIUITests;
			productReference = 222DF8D72CF626CE0000C87B /* Training_SwiftUIUITests.xctest */;
			productType = "com.apple.product-type.bundle.ui-testing";
		};
/* End PBXNativeTarget section */

/* Begin PBXProject section */
		222DF8B32CF626CC0000C87B /* Project object */ = {
			isa = PBXProject;
			attributes = {
				BuildIndependentTargetsInParallel = 1;
				LastSwiftUpdateCheck = 1610;
				LastUpgradeCheck = 1610;
				TargetAttributes = {
					222DF8BA2CF626CC0000C87B = {
						CreatedOnToolsVersion = 16.1;
					};
					222DF8CC2CF626CE0000C87B = {
						CreatedOnToolsVersion = 16.1;
						TestTargetID = 222DF8BA2CF626CC0000C87B;
					};
					222DF8D62CF626CE0000C87B = {
						CreatedOnToolsVersion = 16.1;
						TestTargetID = 222DF8BA2CF626CC0000C87B;
					};
				};
			};
			buildConfigurationList = 222DF8B62CF626CC0000C87B /* Build configuration list for PBXProject "Training_SwiftUI" */;
			developmentRegion = en;
			hasScannedForEncodings = 0;
			knownRegions = (
				en,
				Base,
			);
			mainGroup = 222DF8B22CF626CC0000C87B;
			minimizedProjectReferenceProxies = 1;
			preferredProjectObjectVersion = 77;
			productRefGroup = 222DF8BC2CF626CC0000C87B /* Products */;
			projectDirPath = "";
			projectRoot = "";
			targets = (
				222DF8BA2CF626CC0000C87B /* Training_SwiftUI */,
				222DF8CC2CF626CE0000C87B /* Training_SwiftUITests */,
				222DF8D62CF626CE0000C87B /* Training_SwiftUIUITests */,
			);
		};
/* End PBXProject section */

/* Begin PBXResourcesBuildPhase section */
		222DF8B92CF626CC0000C87B /* Resources */ = {
			isa = PBXResourcesBuildPhase;
			buildActionMask = 2147483647;
			files = (
			);
			runOnlyForDeploymentPostprocessing = 0;
		};
		222DF8CB2CF626CE0000C87B /* Resources */ = {
			isa = PBXResourcesBuildPhase;
			buildActionMask = 2147483647;
			files = (
			);
			runOnlyForDeploymentPostprocessing = 0;
		};
		222DF8D52CF626CE0000C87B /* Resources */ = {
			isa = PBXResourcesBuildPhase;
			buildActionMask = 2147483647;
			files = (
			);
			runOnlyForDeploymentPostprocessing = 0;
		};
/* End PBXResourcesBuildPhase section */

/* Begin PBXSourcesBuildPhase section */
		222DF8B72CF626CC0000C87B /* Sources */ = {
			isa = PBXSourcesBuildPhase;
			buildActionMask = 2147483647;
			files = (
			);
			runOnlyForDeploymentPostprocessing = 0;
		};
		222DF8C92CF626CE0000C87B /* Sources */ = {
			isa = PBXSourcesBuildPhase;
			buildActionMask = 2147483647;
			files = (
			);
			runOnlyForDeploymentPostprocessing = 0;
		};
		222DF8D32CF626CE0000C87B /* Sources */ = {
			isa = PBXSourcesBuildPhase;
			buildActionMask = 2147483647;
			files = (
			);
			runOnlyForDeploymentPostprocessing = 0;
		};
/* End PBXSourcesBuildPhase section */

/* Begin PBXTargetDependency section */
		222DF8CF2CF626CE0000C87B /* PBXTargetDependency */ = {
			isa = PBXTargetDependency;
			target = 222DF8BA2CF626CC0000C87B /* Training_SwiftUI */;
			targetProxy = 222DF8CE2CF626CE0000C87B /* PBXContainerItemProxy */;
		};
		222DF8D92CF626CE0000C87B /* PBXTargetDependency */ = {
			isa = PBXTargetDependency;
			target = 222DF8BA2CF626CC0000C87B /* Training_SwiftUI */;
			targetProxy = 222DF8D82CF626CE0000C87B /* PBXContainerItemProxy */;
		};
/* End PBXTargetDependency section */

/* Begin XCBuildConfiguration section */
		222DF8DF2CF626CE0000C87B /* Debug */ = {
			isa = XCBuildConfiguration;
			buildSettings = {
				ALWAYS_SEARCH_USER_PATHS = NO;
				ASSETCATALOG_COMPILER_GENERATE_SWIFT_ASSET_SYMBOL_EXTENSIONS = YES;
				CLANG_ANALYZER_NONNULL = YES;
				CLANG_ANALYZER_NUMBER_OBJECT_CONVERSION = YES_AGGRESSIVE;
				CLANG_CXX_LANGUAGE_STANDARD = "gnu++20";
				CLANG_ENABLE_MODULES = YES;
				CLANG_ENABLE_OBJC_ARC = YES;
				CLANG_ENABLE_OBJC_WEAK = YES;
				CLANG_WARN_BLOCK_CAPTURE_AUTORELEASING = YES;
				CLANG_WARN_BOOL_CONVERSION = YES;
				CLANG_WARN_COMMA = YES;
				CLANG_WARN_CONSTANT_CONVERSION = YES;
				CLANG_WARN_DEPRECATED_OBJC_IMPLEMENTATIONS = YES;
				CLANG_WARN_DIRECT_OBJC_ISA_USAGE = YES_ERROR;
				CLANG_WARN_DOCUMENTATION_COMMENTS = YES;
				CLANG_WARN_EMPTY_BODY = YES;
				CLANG_WARN_ENUM_CONVERSION = YES;
				CLANG_WARN_INFINITE_RECURSION = YES;
				CLANG_WARN_INT_CONVERSION = YES;
				CLANG_WARN_NON_LITERAL_NULL_CONVERSION = YES;
				CLANG_WARN_OBJC_IMPLICIT_RETAIN_SELF = YES;
				CLANG_WARN_OBJC_LITERAL_CONVERSION = YES;
				CLANG_WARN_OBJC_ROOT_CLASS = YES_ERROR;
				CLANG_WARN_QUOTED_INCLUDE_IN_FRAMEWORK_HEADER = YES;
				CLANG_WARN_RANGE_LOOP_ANALYSIS = YES;
				CLANG_WARN_STRICT_PROTOTYPES = YES;
				CLANG_WARN_SUSPICIOUS_MOVE = YES;
				CLANG_WARN_UNGUARDED_AVAILABILITY = YES_AGGRESSIVE;
				CLANG_WARN_UNREACHABLE_CODE = YES;
				CLANG_WARN__DUPLICATE_METHOD_MATCH = YES;
				COPY_PHASE_STRIP = NO;
				DEBUG_INFORMATION_FORMAT = dwarf;
				ENABLE_STRICT_OBJC_MSGSEND = YES;
				ENABLE_TESTABILITY = YES;
				ENABLE_USER_SCRIPT_SANDBOXING = YES;
				GCC_C_LANGUAGE_STANDARD = gnu17;
				GCC_DYNAMIC_NO_PIC = NO;
				GCC_NO_COMMON_BLOCKS = YES;
				GCC_OPTIMIZATION_LEVEL = 0;
				GCC_PREPROCESSOR_DEFINITIONS = (
					"DEBUG=1",
					"$(inherited)",
				);
				GCC_WARN_64_TO_32_BIT_CONVERSION = YES;
				GCC_WARN_ABOUT_RETURN_TYPE = YES_ERROR;
				GCC_WARN_UNDECLARED_SELECTOR = YES;
				GCC_WARN_UNINITIALIZED_AUTOS = YES_AGGRESSIVE;
				GCC_WARN_UNUSED_FUNCTION = YES;
				GCC_WARN_UNUSED_VARIABLE = YES;
				IPHONEOS_DEPLOYMENT_TARGET = 18.1;
				LOCALIZATION_PREFERS_STRING_CATALOGS = YES;
				MTL_ENABLE_DEBUG_INFO = INCLUDE_SOURCE;
				MTL_FAST_MATH = YES;
				ONLY_ACTIVE_ARCH = YES;
				SDKROOT = iphoneos;
				SWIFT_ACTIVE_COMPILATION_CONDITIONS = "DEBUG $(inherited)";
				SWIFT_OPTIMIZATION_LEVEL = "-Onone";
			};
			name = Debug;
		};
		222DF8E02CF626CE0000C87B /* Release */ = {
			isa = XCBuildConfiguration;
			buildSettings = {
				ALWAYS_SEARCH_USER_PATHS = NO;
				ASSETCATALOG_COMPILER_GENERATE_SWIFT_ASSET_SYMBOL_EXTENSIONS = YES;
				CLANG_ANALYZER_NONNULL = YES;
				CLANG_ANALYZER_NUMBER_OBJECT_CONVERSION = YES_AGGRESSIVE;
				CLANG_CXX_LANGUAGE_STANDARD = "gnu++20";
				CLANG_ENABLE_MODULES = YES;
				CLANG_ENABLE_OBJC_ARC = YES;
				CLANG_ENABLE_OBJC_WEAK = YES;
				CLANG_WARN_BLOCK_CAPTURE_AUTORELEASING = YES;
				CLANG_WARN_BOOL_CONVERSION = YES;
				CLANG_WARN_COMMA = YES;
				CLANG_WARN_CONSTANT_CONVERSION = YES;
				CLANG_WARN_DEPRECATED_OBJC_IMPLEMENTATIONS = YES;
				CLANG_WARN_DIRECT_OBJC_ISA_USAGE = YES_ERROR;
				CLANG_WARN_DOCUMENTATION_COMMENTS = YES;
				CLANG_WARN_EMPTY_BODY = YES;
				CLANG_WARN_ENUM_CONVERSION = YES;
				CLANG_WARN_INFINITE_RECURSION = YES;
				CLANG_WARN_INT_CONVERSION = YES;
				CLANG_WARN_NON_LITERAL_NULL_CONVERSION = YES;
				CLANG_WARN_OBJC_IMPLICIT_RETAIN_SELF = YES;
				CLANG_WARN_OBJC_LITERAL_CONVERSION = YES;
				CLANG_WARN_OBJC_ROOT_CLASS = YES_ERROR;
				CLANG_WARN_QUOTED_INCLUDE_IN_FRAMEWORK_HEADER = YES;
				CLANG_WARN_RANGE_LOOP_ANALYSIS = YES;
				CLANG_WARN_STRICT_PROTOTYPES = YES;
				CLANG_WARN_SUSPICIOUS_MOVE = YES;
				CLANG_WARN_UNGUARDED_AVAILABILITY = YES_AGGRESSIVE;
				CLANG_WARN_UNREACHABLE_CODE = YES;
				CLANG_WARN__DUPLICATE_METHOD_MATCH = YES;
				COPY_PHASE_STRIP = NO;
				DEBUG_INFORMATION_FORMAT = "dwarf-with-dsym";
				ENABLE_NS_ASSERTIONS = NO;
				ENABLE_STRICT_OBJC_MSGSEND = YES;
				ENABLE_USER_SCRIPT_SANDBOXING = YES;
				GCC_C_LANGUAGE_STANDARD = gnu17;
				GCC_NO_COMMON_BLOCKS = YES;
				GCC_WARN_64_TO_32_BIT_CONVERSION = YES;
				GCC_WARN_ABOUT_RETURN_TYPE = YES_ERROR;
				GCC_WARN_UNDECLARED_SELECTOR = YES;
				GCC_WARN_UNINITIALIZED_AUTOS = YES_AGGRESSIVE;
				GCC_WARN_UNUSED_FUNCTION = YES;
				GCC_WARN_UNUSED_VARIABLE = YES;
				IPHONEOS_DEPLOYMENT_TARGET = 18.1;
				LOCALIZATION_PREFERS_STRING_CATALOGS = YES;
				MTL_ENABLE_DEBUG_INFO = NO;
				MTL_FAST_MATH = YES;
				SDKROOT = iphoneos;
				SWIFT_COMPILATION_MODE = wholemodule;
				VALIDATE_PRODUCT = YES;
			};
			name = Release;
		};
		222DF8E22CF626CE0000C87B /* Debug */ = {
			isa = XCBuildConfiguration;
			buildSettings = {
				ASSETCATALOG_COMPILER_APPICON_NAME = AppIcon;
				ASSETCATALOG_COMPILER_GLOBAL_ACCENT_COLOR_NAME = AccentColor;
				CODE_SIGN_STYLE = Automatic;
				CURRENT_PROJECT_VERSION = 1;
				DEVELOPMENT_ASSET_PATHS = "\"Training_SwiftUI/Preview Content\"";
				DEVELOPMENT_TEAM = 75YUP54AH5;
				ENABLE_PREVIEWS = YES;
				GENERATE_INFOPLIST_FILE = YES;
				INFOPLIST_KEY_UIApplicationSceneManifest_Generation = YES;
				INFOPLIST_KEY_UIApplicationSupportsIndirectInputEvents = YES;
				INFOPLIST_KEY_UILaunchScreen_Generation = YES;
				INFOPLIST_KEY_UISupportedInterfaceOrientations_iPad = "UIInterfaceOrientationPortrait UIInterfaceOrientationPortraitUpsideDown UIInterfaceOrientationLandscapeLeft UIInterfaceOrientationLandscapeRight";
				INFOPLIST_KEY_UISupportedInterfaceOrientations_iPhone = "UIInterfaceOrientationPortrait UIInterfaceOrientationLandscapeLeft UIInterfaceOrientationLandscapeRight";
				LD_RUNPATH_SEARCH_PATHS = (
					"$(inherited)",
					"@executable_path/Frameworks",
				);
				MARKETING_VERSION = 1.0;
				PRODUCT_BUNDLE_IDENTIFIER = "smartosc.Training-SwiftUI";
				PRODUCT_NAME = "$(TARGET_NAME)";
				SWIFT_EMIT_LOC_STRINGS = YES;
				SWIFT_VERSION = 5.0;
				TARGETED_DEVICE_FAMILY = "1,2";
			};
			name = Debug;
		};
		222DF8E32CF626CE0000C87B /* Release */ = {
			isa = XCBuildConfiguration;
			buildSettings = {
				ASSETCATALOG_COMPILER_APPICON_NAME = AppIcon;
				ASSETCATALOG_COMPILER_GLOBAL_ACCENT_COLOR_NAME = AccentColor;
				CODE_SIGN_STYLE = Automatic;
				CURRENT_PROJECT_VERSION = 1;
				DEVELOPMENT_ASSET_PATHS = "\"Training_SwiftUI/Preview Content\"";
				DEVELOPMENT_TEAM = 75YUP54AH5;
				ENABLE_PREVIEWS = YES;
				GENERATE_INFOPLIST_FILE = YES;
				INFOPLIST_KEY_UIApplicationSceneManifest_Generation = YES;
				INFOPLIST_KEY_UIApplicationSupportsIndirectInputEvents = YES;
				INFOPLIST_KEY_UILaunchScreen_Generation = YES;
				INFOPLIST_KEY_UISupportedInterfaceOrientations_iPad = "UIInterfaceOrientationPortrait UIInterfaceOrientationPortraitUpsideDown UIInterfaceOrientationLandscapeLeft UIInterfaceOrientationLandscapeRight";
				INFOPLIST_KEY_UISupportedInterfaceOrientations_iPhone = "UIInterfaceOrientationPortrait UIInterfaceOrientationLandscapeLeft UIInterfaceOrientationLandscapeRight";
				LD_RUNPATH_SEARCH_PATHS = (
					"$(inherited)",
					"@executable_path/Frameworks",
				);
				MARKETING_VERSION = 1.0;
				PRODUCT_BUNDLE_IDENTIFIER = "smartosc.Training-SwiftUI";
				PRODUCT_NAME = "$(TARGET_NAME)";
				SWIFT_EMIT_LOC_STRINGS = YES;
				SWIFT_VERSION = 5.0;
				TARGETED_DEVICE_FAMILY = "1,2";
			};
			name = Release;
		};
		222DF8E52CF626CE0000C87B /* Debug */ = {
			isa = XCBuildConfiguration;
			buildSettings = {
				BUNDLE_LOADER = "$(TEST_HOST)";
				CODE_SIGN_STYLE = Automatic;
				CURRENT_PROJECT_VERSION = 1;
				DEVELOPMENT_TEAM = 75YUP54AH5;
				GENERATE_INFOPLIST_FILE = YES;
				IPHONEOS_DEPLOYMENT_TARGET = 18.1;
				MARKETING_VERSION = 1.0;
				PRODUCT_BUNDLE_IDENTIFIER = "smartosc.Training-SwiftUITests";
				PRODUCT_NAME = "$(TARGET_NAME)";
				SWIFT_EMIT_LOC_STRINGS = NO;
				SWIFT_VERSION = 5.0;
				TARGETED_DEVICE_FAMILY = "1,2";
				TEST_HOST = "$(BUILT_PRODUCTS_DIR)/Training_SwiftUI.app/$(BUNDLE_EXECUTABLE_FOLDER_PATH)/Training_SwiftUI";
			};
			name = Debug;
		};
		222DF8E62CF626CE0000C87B /* Release */ = {
			isa = XCBuildConfiguration;
			buildSettings = {
				BUNDLE_LOADER = "$(TEST_HOST)";
				CODE_SIGN_STYLE = Automatic;
				CURRENT_PROJECT_VERSION = 1;
				DEVELOPMENT_TEAM = 75YUP54AH5;
				GENERATE_INFOPLIST_FILE = YES;
				IPHONEOS_DEPLOYMENT_TARGET = 18.1;
				MARKETING_VERSION = 1.0;
				PRODUCT_BUNDLE_IDENTIFIER = "smartosc.Training-SwiftUITests";
				PRODUCT_NAME = "$(TARGET_NAME)";
				SWIFT_EMIT_LOC_STRINGS = NO;
				SWIFT_VERSION = 5.0;
				TARGETED_DEVICE_FAMILY = "1,2";
				TEST_HOST = "$(BUILT_PRODUCTS_DIR)/Training_SwiftUI.app/$(BUNDLE_EXECUTABLE_FOLDER_PATH)/Training_SwiftUI";
			};
			name = Release;
		};
		222DF8E82CF626CE0000C87B /* Debug */ = {
			isa = XCBuildConfiguration;
			buildSettings = {
				CODE_SIGN_STYLE = Automatic;
				CURRENT_PROJECT_VERSION = 1;
				DEVELOPMENT_TEAM = 75YUP54AH5;
				GENERATE_INFOPLIST_FILE = YES;
				MARKETING_VERSION = 1.0;
				PRODUCT_BUNDLE_IDENTIFIER = "smartosc.Training-SwiftUIUITests";
				PRODUCT_NAME = "$(TARGET_NAME)";
				SWIFT_EMIT_LOC_STRINGS = NO;
				SWIFT_VERSION = 5.0;
				TARGETED_DEVICE_FAMILY = "1,2";
				TEST_TARGET_NAME = Training_SwiftUI;
			};
			name = Debug;
		};
		222DF8E92CF626CE0000C87B /* Release */ = {
			isa = XCBuildConfiguration;
			buildSettings = {
				CODE_SIGN_STYLE = Automatic;
				CURRENT_PROJECT_VERSION = 1;
				DEVELOPMENT_TEAM = 75YUP54AH5;
				GENERATE_INFOPLIST_FILE = YES;
				MARKETING_VERSION = 1.0;
				PRODUCT_BUNDLE_IDENTIFIER = "smartosc.Training-SwiftUIUITests";
				PRODUCT_NAME = "$(TARGET_NAME)";
				SWIFT_EMIT_LOC_STRINGS = NO;
				SWIFT_VERSION = 5.0;
				TARGETED_DEVICE_FAMILY = "1,2";
				TEST_TARGET_NAME = Training_SwiftUI;
			};
			name = Release;
		};
/* End XCBuildConfiguration section */

/* Begin XCConfigurationList section */
		222DF8B62CF626CC0000C87B /* Build configuration list for PBXProject "Training_SwiftUI" */ = {
			isa = XCConfigurationList;
			buildConfigurations = (
				222DF8DF2CF626CE0000C87B /* Debug */,
				222DF8E02CF626CE0000C87B /* Release */,
			);
			defaultConfigurationIsVisible = 0;
			defaultConfigurationName = Release;
		};
		222DF8E12CF626CE0000C87B /* Build configuration list for PBXNativeTarget "Training_SwiftUI" */ = {
			isa = XCConfigurationList;
			buildConfigurations = (
				222DF8E22CF626CE0000C87B /* Debug */,
				222DF8E32CF626CE0000C87B /* Release */,
			);
			defaultConfigurationIsVisible = 0;
			defaultConfigurationName = Release;
		};
		222DF8E42CF626CE0000C87B /* Build configuration list for PBXNativeTarget "Training_SwiftUITests" */ = {
			isa = XCConfigurationList;
			buildConfigurations = (
				222DF8E52CF626CE0000C87B /* Debug */,
				222DF8E62CF626CE0000C87B /* Release */,
			);
			defaultConfigurationIsVisible = 0;
			defaultConfigurationName = Release;
		};
		222DF8E72CF626CE0000C87B /* Build configuration list for PBXNativeTarget "Training_SwiftUIUITests" */ = {
			isa = XCConfigurationList;
			buildConfigurations = (
				222DF8E82CF626CE0000C87B /* Debug */,
				222DF8E92CF626CE0000C87B /* Release */,
			);
			defaultConfigurationIsVisible = 0;
			defaultConfigurationName = Release;
		};
/* End XCConfigurationList section */
	};
	rootObject = 222DF8B32CF626CC0000C87B /* Project object */;
}
